// !$*UTF8*$!
{
	archiveVersion = 1;
	classes = {
	};
	objectVersion = 51;
	objects = {

/* Begin PBXBuildFile section */
		F5086215233B76023E56D4BB /* Pods_MvvmWithRxSwift.framework in Frameworks */ = {isa = PBXBuildFile; fileRef = ED8DF1BE6B6B3C076A160C95 /* Pods_MvvmWithRxSwift.framework */; };
		FA91C04C25E4C1150027A21F /* AppDelegate.swift in Sources */ = {isa = PBXBuildFile; fileRef = FA91C04B25E4C1150027A21F /* AppDelegate.swift */; };
		FA91C04E25E4C1150027A21F /* SceneDelegate.swift in Sources */ = {isa = PBXBuildFile; fileRef = FA91C04D25E4C1150027A21F /* SceneDelegate.swift */; };
		FA91C05325E4C1150027A21F /* Main.storyboard in Resources */ = {isa = PBXBuildFile; fileRef = FA91C05125E4C1150027A21F /* Main.storyboard */; };
		FA91C05525E4C11C0027A21F /* Assets.xcassets in Resources */ = {isa = PBXBuildFile; fileRef = FA91C05425E4C11C0027A21F /* Assets.xcassets */; };
		FA91C05825E4C11C0027A21F /* LaunchScreen.storyboard in Resources */ = {isa = PBXBuildFile; fileRef = FA91C05625E4C11C0027A21F /* LaunchScreen.storyboard */; };
		FA91C07825E4C86E0027A21F /* LoginVC.swift in Sources */ = {isa = PBXBuildFile; fileRef = FA91C07725E4C86E0027A21F /* LoginVC.swift */; };
		FA91C07C25E4C8C30027A21F /* Helper.swift in Sources */ = {isa = PBXBuildFile; fileRef = FA91C07B25E4C8C30027A21F /* Helper.swift */; };
		FA91C09C25E4FD9B0027A21F /* Reachability.swift in Sources */ = {isa = PBXBuildFile; fileRef = FA91C09B25E4FD9B0027A21F /* Reachability.swift */; };
		FA91C0A325E4FF940027A21F /* DataModel.swift in Sources */ = {isa = PBXBuildFile; fileRef = FA91C0A225E4FF940027A21F /* DataModel.swift */; };
		FA91C0A625E500000027A21F /* ApiServer.swift in Sources */ = {isa = PBXBuildFile; fileRef = FA91C0A525E500000027A21F /* ApiServer.swift */; };
		FAC25E0125E525B10073B904 /* LoginViewModel.swift in Sources */ = {isa = PBXBuildFile; fileRef = FAC25E0025E525B10073B904 /* LoginViewModel.swift */; };
		FAEF282425E615CE00A6FA5F /* dbModel.xcdatamodeld in Sources */ = {isa = PBXBuildFile; fileRef = FAEF282225E615CE00A6FA5F /* dbModel.xcdatamodeld */; };
/* End PBXBuildFile section */

/* Begin PBXFileReference section */
		1D929D555035BDB83BE7A870 /* Pods-MvvmWithRxSwift.debug.xcconfig */ = {isa = PBXFileReference; includeInIndex = 1; lastKnownFileType = text.xcconfig; name = "Pods-MvvmWithRxSwift.debug.xcconfig"; path = "Target Support Files/Pods-MvvmWithRxSwift/Pods-MvvmWithRxSwift.debug.xcconfig"; sourceTree = "<group>"; };
		ED8DF1BE6B6B3C076A160C95 /* Pods_MvvmWithRxSwift.framework */ = {isa = PBXFileReference; explicitFileType = wrapper.framework; includeInIndex = 0; path = Pods_MvvmWithRxSwift.framework; sourceTree = BUILT_PRODUCTS_DIR; };
		F6179CC89504E19F703B2602 /* Pods-MvvmWithRxSwift.release.xcconfig */ = {isa = PBXFileReference; includeInIndex = 1; lastKnownFileType = text.xcconfig; name = "Pods-MvvmWithRxSwift.release.xcconfig"; path = "Target Support Files/Pods-MvvmWithRxSwift/Pods-MvvmWithRxSwift.release.xcconfig"; sourceTree = "<group>"; };
		FA91C04825E4C1150027A21F /* MvvmWithRxSwift.app */ = {isa = PBXFileReference; explicitFileType = wrapper.application; includeInIndex = 0; path = MvvmWithRxSwift.app; sourceTree = BUILT_PRODUCTS_DIR; };
		FA91C04B25E4C1150027A21F /* AppDelegate.swift */ = {isa = PBXFileReference; lastKnownFileType = sourcecode.swift; path = AppDelegate.swift; sourceTree = "<group>"; };
		FA91C04D25E4C1150027A21F /* SceneDelegate.swift */ = {isa = PBXFileReference; lastKnownFileType = sourcecode.swift; path = SceneDelegate.swift; sourceTree = "<group>"; };
		FA91C05225E4C1150027A21F /* Base */ = {isa = PBXFileReference; lastKnownFileType = file.storyboard; name = Base; path = Base.lproj/Main.storyboard; sourceTree = "<group>"; };
		FA91C05425E4C11C0027A21F /* Assets.xcassets */ = {isa = PBXFileReference; lastKnownFileType = folder.assetcatalog; path = Assets.xcassets; sourceTree = "<group>"; };
		FA91C05725E4C11C0027A21F /* Base */ = {isa = PBXFileReference; lastKnownFileType = file.storyboard; name = Base; path = Base.lproj/LaunchScreen.storyboard; sourceTree = "<group>"; };
		FA91C05925E4C11C0027A21F /* Info.plist */ = {isa = PBXFileReference; lastKnownFileType = text.plist.xml; path = Info.plist; sourceTree = "<group>"; };
		FA91C07725E4C86E0027A21F /* LoginVC.swift */ = {isa = PBXFileReference; lastKnownFileType = sourcecode.swift; path = LoginVC.swift; sourceTree = "<group>"; };
		FA91C07B25E4C8C30027A21F /* Helper.swift */ = {isa = PBXFileReference; lastKnownFileType = sourcecode.swift; path = Helper.swift; sourceTree = "<group>"; };
		FA91C09B25E4FD9B0027A21F /* Reachability.swift */ = {isa = PBXFileReference; fileEncoding = 4; lastKnownFileType = sourcecode.swift; path = Reachability.swift; sourceTree = "<group>"; };
		FA91C0A225E4FF940027A21F /* DataModel.swift */ = {isa = PBXFileReference; lastKnownFileType = sourcecode.swift; path = DataModel.swift; sourceTree = "<group>"; };
		FA91C0A525E500000027A21F /* ApiServer.swift */ = {isa = PBXFileReference; lastKnownFileType = sourcecode.swift; path = ApiServer.swift; sourceTree = "<group>"; };
		FAC25E0025E525B10073B904 /* LoginViewModel.swift */ = {isa = PBXFileReference; lastKnownFileType = sourcecode.swift; path = LoginViewModel.swift; sourceTree = "<group>"; };
		FAEF282325E615CE00A6FA5F /* dbModel.xcdatamodel */ = {isa = PBXFileReference; lastKnownFileType = wrapper.xcdatamodel; path = dbModel.xcdatamodel; sourceTree = "<group>"; };
/* End PBXFileReference section */

/* Begin PBXFrameworksBuildPhase section */
		FA91C04525E4C1150027A21F /* Frameworks */ = {
			isa = PBXFrameworksBuildPhase;
			buildActionMask = 2147483647;
			files = (
				F5086215233B76023E56D4BB /* Pods_MvvmWithRxSwift.framework in Frameworks */,
			);
			runOnlyForDeploymentPostprocessing = 0;
		};
/* End PBXFrameworksBuildPhase section */

/* Begin PBXGroup section */
		188BA66093B78808F23BC637 /* Frameworks */ = {
			isa = PBXGroup;
			children = (
				ED8DF1BE6B6B3C076A160C95 /* Pods_MvvmWithRxSwift.framework */,
			);
			name = Frameworks;
			sourceTree = "<group>";
		};
		316A314C87E4C2988B3DA169 /* Pods */ = {
			isa = PBXGroup;
			children = (
				1D929D555035BDB83BE7A870 /* Pods-MvvmWithRxSwift.debug.xcconfig */,
				F6179CC89504E19F703B2602 /* Pods-MvvmWithRxSwift.release.xcconfig */,
			);
			path = Pods;
			sourceTree = "<group>";
		};
		FA91C03F25E4C1150027A21F = {
			isa = PBXGroup;
			children = (
				FA91C04A25E4C1150027A21F /* MvvmWithRxSwift */,
				FA91C04925E4C1150027A21F /* Products */,
				316A314C87E4C2988B3DA169 /* Pods */,
				188BA66093B78808F23BC637 /* Frameworks */,
			);
			sourceTree = "<group>";
		};
		FA91C04925E4C1150027A21F /* Products */ = {
			isa = PBXGroup;
			children = (
				FA91C04825E4C1150027A21F /* MvvmWithRxSwift.app */,
			);
			name = Products;
			sourceTree = "<group>";
		};
		FA91C04A25E4C1150027A21F /* MvvmWithRxSwift */ = {
			isa = PBXGroup;
			children = (
				FAEF282125E6112100A6FA5F /* CoreData */,
				FA91C07525E4C7F90027A21F /* ViewController */,
				FA91C07225E4C4CD0027A21F /* ViewModel */,
				FA91C07125E4C4C80027A21F /* View */,
				FA91C07025E4C49C0027A21F /* Service */,
				FA91C06F25E4C48E0027A21F /* Model */,
				FA91C06E25E4C47F0027A21F /* Helpers */,
				FA91C04B25E4C1150027A21F /* AppDelegate.swift */,
				FA91C04D25E4C1150027A21F /* SceneDelegate.swift */,
				FA91C05125E4C1150027A21F /* Main.storyboard */,
				FA91C05425E4C11C0027A21F /* Assets.xcassets */,
				FA91C05625E4C11C0027A21F /* LaunchScreen.storyboard */,
				FA91C05925E4C11C0027A21F /* Info.plist */,
			);
			path = MvvmWithRxSwift;
			sourceTree = "<group>";
		};
		FA91C06E25E4C47F0027A21F /* Helpers */ = {
			isa = PBXGroup;
			children = (
				FA91C09B25E4FD9B0027A21F /* Reachability.swift */,
				FA91C07B25E4C8C30027A21F /* Helper.swift */,
			);
			path = Helpers;
			sourceTree = "<group>";
		};
		FA91C06F25E4C48E0027A21F /* Model */ = {
			isa = PBXGroup;
			children = (
				FA91C0A225E4FF940027A21F /* DataModel.swift */,
			);
			path = Model;
			sourceTree = "<group>";
		};
		FA91C07025E4C49C0027A21F /* Service */ = {
			isa = PBXGroup;
			children = (
				FA91C0A525E500000027A21F /* ApiServer.swift */,
			);
			path = Service;
			sourceTree = "<group>";
		};
		FA91C07125E4C4C80027A21F /* View */ = {
			isa = PBXGroup;
			children = (
			);
			path = View;
			sourceTree = "<group>";
		};
		FA91C07225E4C4CD0027A21F /* ViewModel */ = {
			isa = PBXGroup;
			children = (
				FAC25E0025E525B10073B904 /* LoginViewModel.swift */,
			);
			path = ViewModel;
			sourceTree = "<group>";
		};
		FA91C07525E4C7F90027A21F /* ViewController */ = {
			isa = PBXGroup;
			children = (
				FA91C07725E4C86E0027A21F /* LoginVC.swift */,
			);
			path = ViewController;
			sourceTree = "<group>";
		};
		FAEF282125E6112100A6FA5F /* CoreData */ = {
			isa = PBXGroup;
			children = (
				FAEF282225E615CE00A6FA5F /* dbModel.xcdatamodeld */,
			);
			path = CoreData;
			sourceTree = "<group>";
		};
/* End PBXGroup section */

/* Begin PBXNativeTarget section */
		FA91C04725E4C1150027A21F /* MvvmWithRxSwift */ = {
			isa = PBXNativeTarget;
			buildConfigurationList = FA91C05C25E4C11C0027A21F /* Build configuration list for PBXNativeTarget "MvvmWithRxSwift" */;
			buildPhases = (
				FBB94122DE343C46DF4A00D0 /* [CP] Check Pods Manifest.lock */,
				FA91C04425E4C1150027A21F /* Sources */,
				FA91C04525E4C1150027A21F /* Frameworks */,
				FA91C04625E4C1150027A21F /* Resources */,
				4305BEF78C7728F804230B71 /* [CP] Embed Pods Frameworks */,
			);
			buildRules = (
			);
			dependencies = (
			);
			name = MvvmWithRxSwift;
			productName = MvvmWithRxSwift;
			productReference = FA91C04825E4C1150027A21F /* MvvmWithRxSwift.app */;
			productType = "com.apple.product-type.application";
		};
/* End PBXNativeTarget section */

/* Begin PBXProject section */
		FA91C04025E4C1150027A21F /* Project object */ = {
			isa = PBXProject;
			attributes = {
				LastSwiftUpdateCheck = 1220;
				LastUpgradeCheck = 1220;
				TargetAttributes = {
					FA91C04725E4C1150027A21F = {
						CreatedOnToolsVersion = 12.2;
					};
				};
			};
			buildConfigurationList = FA91C04325E4C1150027A21F /* Build configuration list for PBXProject "MvvmWithRxSwift" */;
			compatibilityVersion = "Xcode 9.3";
			developmentRegion = en;
			hasScannedForEncodings = 0;
			knownRegions = (
				en,
				Base,
			);
			mainGroup = FA91C03F25E4C1150027A21F;
			productRefGroup = FA91C04925E4C1150027A21F /* Products */;
			projectDirPath = "";
			projectRoot = "";
			targets = (
				FA91C04725E4C1150027A21F /* MvvmWithRxSwift */,
			);
		};
/* End PBXProject section */

/* Begin PBXResourcesBuildPhase section */
		FA91C04625E4C1150027A21F /* Resources */ = {
			isa = PBXResourcesBuildPhase;
			buildActionMask = 2147483647;
			files = (
				FA91C05825E4C11C0027A21F /* LaunchScreen.storyboard in Resources */,
				FA91C05525E4C11C0027A21F /* Assets.xcassets in Resources */,
				FA91C05325E4C1150027A21F /* Main.storyboard in Resources */,
			);
			runOnlyForDeploymentPostprocessing = 0;
		};
/* End PBXResourcesBuildPhase section */

/* Begin PBXShellScriptBuildPhase section */
		4305BEF78C7728F804230B71 /* [CP] Embed Pods Frameworks */ = {
			isa = PBXShellScriptBuildPhase;
			buildActionMask = 2147483647;
			files = (
			);
			inputFileListPaths = (
				"${PODS_ROOT}/Target Support Files/Pods-MvvmWithRxSwift/Pods-MvvmWithRxSwift-frameworks-${CONFIGURATION}-input-files.xcfilelist",
			);
			name = "[CP] Embed Pods Frameworks";
			outputFileListPaths = (
				"${PODS_ROOT}/Target Support Files/Pods-MvvmWithRxSwift/Pods-MvvmWithRxSwift-frameworks-${CONFIGURATION}-output-files.xcfilelist",
			);
			runOnlyForDeploymentPostprocessing = 0;
			shellPath = /bin/sh;
			shellScript = "\"${PODS_ROOT}/Target Support Files/Pods-MvvmWithRxSwift/Pods-MvvmWithRxSwift-frameworks.sh\"\n";
			showEnvVarsInLog = 0;
		};
		FBB94122DE343C46DF4A00D0 /* [CP] Check Pods Manifest.lock */ = {
			isa = PBXShellScriptBuildPhase;
			buildActionMask = 2147483647;
			files = (
			);
			inputFileListPaths = (
			);
			inputPaths = (
				"${PODS_PODFILE_DIR_PATH}/Podfile.lock",
				"${PODS_ROOT}/Manifest.lock",
			);
			name = "[CP] Check Pods Manifest.lock";
			outputFileListPaths = (
			);
			outputPaths = (
				"$(DERIVED_FILE_DIR)/Pods-MvvmWithRxSwift-checkManifestLockResult.txt",
			);
			runOnlyForDeploymentPostprocessing = 0;
			shellPath = /bin/sh;
			shellScript = "diff \"${PODS_PODFILE_DIR_PATH}/Podfile.lock\" \"${PODS_ROOT}/Manifest.lock\" > /dev/null\nif [ $? != 0 ] ; then\n    # print error to STDERR\n    echo \"error: The sandbox is not in sync with the Podfile.lock. Run 'pod install' or update your CocoaPods installation.\" >&2\n    exit 1\nfi\n# This output is used by Xcode 'outputs' to avoid re-running this script phase.\necho \"SUCCESS\" > \"${SCRIPT_OUTPUT_FILE_0}\"\n";
			showEnvVarsInLog = 0;
		};
/* End PBXShellScriptBuildPhase section */

/* Begin PBXSourcesBuildPhase section */
		FA91C04425E4C1150027A21F /* Sources */ = {
			isa = PBXSourcesBuildPhase;
			buildActionMask = 2147483647;
			files = (
				FAEF282425E615CE00A6FA5F /* dbModel.xcdatamodeld in Sources */,
				FA91C04C25E4C1150027A21F /* AppDelegate.swift in Sources */,
				FA91C04E25E4C1150027A21F /* SceneDelegate.swift in Sources */,
				FA91C07825E4C86E0027A21F /* LoginVC.swift in Sources */,
				FA91C09C25E4FD9B0027A21F /* Reachability.swift in Sources */,
				FAC25E0125E525B10073B904 /* LoginViewModel.swift in Sources */,
				FA91C07C25E4C8C30027A21F /* Helper.swift in Sources */,
				FA91C0A625E500000027A21F /* ApiServer.swift in Sources */,
				FA91C0A325E4FF940027A21F /* DataModel.swift in Sources */,
			);
			runOnlyForDeploymentPostprocessing = 0;
		};
/* End PBXSourcesBuildPhase section */

/* Begin PBXVariantGroup section */
		FA91C05125E4C1150027A21F /* Main.storyboard */ = {
			isa = PBXVariantGroup;
			children = (
				FA91C05225E4C1150027A21F /* Base */,
			);
			name = Main.storyboard;
			sourceTree = "<group>";
		};
		FA91C05625E4C11C0027A21F /* LaunchScreen.storyboard */ = {
			isa = PBXVariantGroup;
			children = (
				FA91C05725E4C11C0027A21F /* Base */,
			);
			name = LaunchScreen.storyboard;
			sourceTree = "<group>";
		};
/* End PBXVariantGroup section */

/* Begin XCBuildConfiguration section */
		FA91C05A25E4C11C0027A21F /* Debug */ = {
			isa = XCBuildConfiguration;
			buildSettings = {
				ALWAYS_SEARCH_USER_PATHS = NO;
				CLANG_ANALYZER_NONNULL = YES;
				CLANG_ANALYZER_NUMBER_OBJECT_CONVERSION = YES_AGGRESSIVE;
				CLANG_CXX_LANGUAGE_STANDARD = "gnu++14";
				CLANG_CXX_LIBRARY = "libc++";
				CLANG_ENABLE_MODULES = YES;
				CLANG_ENABLE_OBJC_ARC = YES;
				CLANG_ENABLE_OBJC_WEAK = YES;
				CLANG_WARN_BLOCK_CAPTURE_AUTORELEASING = YES;
				CLANG_WARN_BOOL_CONVERSION = YES;
				CLANG_WARN_COMMA = YES;
				CLANG_WARN_CONSTANT_CONVERSION = YES;
				CLANG_WARN_DEPRECATED_OBJC_IMPLEMENTATIONS = YES;
				CLANG_WARN_DIRECT_OBJC_ISA_USAGE = YES_ERROR;
				CLANG_WARN_DOCUMENTATION_COMMENTS = YES;
				CLANG_WARN_EMPTY_BODY = YES;
				CLANG_WARN_ENUM_CONVERSION = YES;
				CLANG_WARN_INFINITE_RECURSION = YES;
				CLANG_WARN_INT_CONVERSION = YES;
				CLANG_WARN_NON_LITERAL_NULL_CONVERSION = YES;
				CLANG_WARN_OBJC_IMPLICIT_RETAIN_SELF = YES;
				CLANG_WARN_OBJC_LITERAL_CONVERSION = YES;
				CLANG_WARN_OBJC_ROOT_CLASS = YES_ERROR;
				CLANG_WARN_QUOTED_INCLUDE_IN_FRAMEWORK_HEADER = YES;
				CLANG_WARN_RANGE_LOOP_ANALYSIS = YES;
				CLANG_WARN_STRICT_PROTOTYPES = YES;
				CLANG_WARN_SUSPICIOUS_MOVE = YES;
				CLANG_WARN_UNGUARDED_AVAILABILITY = YES_AGGRESSIVE;
				CLANG_WARN_UNREACHABLE_CODE = YES;
				CLANG_WARN__DUPLICATE_METHOD_MATCH = YES;
				COPY_PHASE_STRIP = NO;
				DEBUG_INFORMATION_FORMAT = dwarf;
				ENABLE_STRICT_OBJC_MSGSEND = YES;
				ENABLE_TESTABILITY = YES;
				GCC_C_LANGUAGE_STANDARD = gnu11;
				GCC_DYNAMIC_NO_PIC = NO;
				GCC_NO_COMMON_BLOCKS = YES;
				GCC_OPTIMIZATION_LEVEL = 0;
				GCC_PREPROCESSOR_DEFINITIONS = (
					"DEBUG=1",
					"$(inherited)",
				);
				GCC_WARN_64_TO_32_BIT_CONVERSION = YES;
				GCC_WARN_ABOUT_RETURN_TYPE = YES_ERROR;
				GCC_WARN_UNDECLARED_SELECTOR = YES;
				GCC_WARN_UNINITIALIZED_AUTOS = YES_AGGRESSIVE;
				GCC_WARN_UNUSED_FUNCTION = YES;
				GCC_WARN_UNUSED_VARIABLE = YES;
				IPHONEOS_DEPLOYMENT_TARGET = 14.2;
				MTL_ENABLE_DEBUG_INFO = INCLUDE_SOURCE;
				MTL_FAST_MATH = YES;
				ONLY_ACTIVE_ARCH = YES;
				SDKROOT = iphoneos;
				SWIFT_ACTIVE_COMPILATION_CONDITIONS = DEBUG;
				SWIFT_OPTIMIZATION_LEVEL = "-Onone";
			};
			name = Debug;
		};
		FA91C05B25E4C11C0027A21F /* Release */ = {
			isa = XCBuildConfiguration;
			buildSettings = {
				ALWAYS_SEARCH_USER_PATHS = NO;
				CLANG_ANALYZER_NONNULL = YES;
				CLANG_ANALYZER_NUMBER_OBJECT_CONVERSION = YES_AGGRESSIVE;
				CLANG_CXX_LANGUAGE_STANDARD = "gnu++14";
				CLANG_CXX_LIBRARY = "libc++";
				CLANG_ENABLE_MODULES = YES;
				CLANG_ENABLE_OBJC_ARC = YES;
				CLANG_ENABLE_OBJC_WEAK = YES;
				CLANG_WARN_BLOCK_CAPTURE_AUTORELEASING = YES;
				CLANG_WARN_BOOL_CONVERSION = YES;
				CLANG_WARN_COMMA = YES;
				CLANG_WARN_CONSTANT_CONVERSION = YES;
				CLANG_WARN_DEPRECATED_OBJC_IMPLEMENTATIONS = YES;
				CLANG_WARN_DIRECT_OBJC_ISA_USAGE = YES_ERROR;
				CLANG_WARN_DOCUMENTATION_COMMENTS = YES;
				CLANG_WARN_EMPTY_BODY = YES;
				CLANG_WARN_ENUM_CONVERSION = YES;
				CLANG_WARN_INFINITE_RECURSION = YES;
				CLANG_WARN_INT_CONVERSION = YES;
				CLANG_WARN_NON_LITERAL_NULL_CONVERSION = YES;
				CLANG_WARN_OBJC_IMPLICIT_RETAIN_SELF = YES;
				CLANG_WARN_OBJC_LITERAL_CONVERSION = YES;
				CLANG_WARN_OBJC_ROOT_CLASS = YES_ERROR;
				CLANG_WARN_QUOTED_INCLUDE_IN_FRAMEWORK_HEADER = YES;
				CLANG_WARN_RANGE_LOOP_ANALYSIS = YES;
				CLANG_WARN_STRICT_PROTOTYPES = YES;
				CLANG_WARN_SUSPICIOUS_MOVE = YES;
				CLANG_WARN_UNGUARDED_AVAILABILITY = YES_AGGRESSIVE;
				CLANG_WARN_UNREACHABLE_CODE = YES;
				CLANG_WARN__DUPLICATE_METHOD_MATCH = YES;
				COPY_PHASE_STRIP = NO;
				DEBUG_INFORMATION_FORMAT = "dwarf-with-dsym";
				ENABLE_NS_ASSERTIONS = NO;
				ENABLE_STRICT_OBJC_MSGSEND = YES;
				GCC_C_LANGUAGE_STANDARD = gnu11;
				GCC_NO_COMMON_BLOCKS = YES;
				GCC_WARN_64_TO_32_BIT_CONVERSION = YES;
				GCC_WARN_ABOUT_RETURN_TYPE = YES_ERROR;
				GCC_WARN_UNDECLARED_SELECTOR = YES;
				GCC_WARN_UNINITIALIZED_AUTOS = YES_AGGRESSIVE;
				GCC_WARN_UNUSED_FUNCTION = YES;
				GCC_WARN_UNUSED_VARIABLE = YES;
				IPHONEOS_DEPLOYMENT_TARGET = 14.2;
				MTL_ENABLE_DEBUG_INFO = NO;
				MTL_FAST_MATH = YES;
				SDKROOT = iphoneos;
				SWIFT_COMPILATION_MODE = wholemodule;
				SWIFT_OPTIMIZATION_LEVEL = "-O";
				VALIDATE_PRODUCT = YES;
			};
			name = Release;
		};
		FA91C05D25E4C11C0027A21F /* Debug */ = {
			isa = XCBuildConfiguration;
			baseConfigurationReference = 1D929D555035BDB83BE7A870 /* Pods-MvvmWithRxSwift.debug.xcconfig */;
			buildSettings = {
				ASSETCATALOG_COMPILER_APPICON_NAME = AppIcon;
				ASSETCATALOG_COMPILER_GLOBAL_ACCENT_COLOR_NAME = AccentColor;
				CODE_SIGN_STYLE = Automatic;
				DEVELOPMENT_TEAM = SBPJDXG7CY;
				INFOPLIST_FILE = MvvmWithRxSwift/Info.plist;
				LD_RUNPATH_SEARCH_PATHS = (
					"$(inherited)",
					"@executable_path/Frameworks",
				);
				PRODUCT_BUNDLE_IDENTIFIER = com.iROID.MvvmWithRxSwift;
				PRODUCT_NAME = "$(TARGET_NAME)";
				SWIFT_VERSION = 5.0;
				TARGETED_DEVICE_FAMILY = "1,2";
			};
			name = Debug;
		};
		FA91C05E25E4C11C0027A21F /* Release */ = {
			isa = XCBuildConfiguration;
			baseConfigurationReference = F6179CC89504E19F703B2602 /* Pods-MvvmWithRxSwift.release.xcconfig */;
			buildSettings = {
				ASSETCATALOG_COMPILER_APPICON_NAME = AppIcon;
				ASSETCATALOG_COMPILER_GLOBAL_ACCENT_COLOR_NAME = AccentColor;
				CODE_SIGN_STYLE = Automatic;
				DEVELOPMENT_TEAM = SBPJDXG7CY;
				INFOPLIST_FILE = MvvmWithRxSwift/Info.plist;
				LD_RUNPATH_SEARCH_PATHS = (
					"$(inherited)",
					"@executable_path/Frameworks",
				);
				PRODUCT_BUNDLE_IDENTIFIER = com.iROID.MvvmWithRxSwift;
				PRODUCT_NAME = "$(TARGET_NAME)";
				SWIFT_VERSION = 5.0;
				TARGETED_DEVICE_FAMILY = "1,2";
			};
			name = Release;
		};
/* End XCBuildConfiguration section */

/* Begin XCConfigurationList section */
		FA91C04325E4C1150027A21F /* Build configuration list for PBXProject "MvvmWithRxSwift" */ = {
			isa = XCConfigurationList;
			buildConfigurations = (
				FA91C05A25E4C11C0027A21F /* Debug */,
				FA91C05B25E4C11C0027A21F /* Release */,
			);
			defaultConfigurationIsVisible = 0;
			defaultConfigurationName = Release;
		};
		FA91C05C25E4C11C0027A21F /* Build configuration list for PBXNativeTarget "MvvmWithRxSwift" */ = {
			isa = XCConfigurationList;
			buildConfigurations = (
				FA91C05D25E4C11C0027A21F /* Debug */,
				FA91C05E25E4C11C0027A21F /* Release */,
			);
			defaultConfigurationIsVisible = 0;
			defaultConfigurationName = Release;
		};
/* End XCConfigurationList section */

/* Begin XCVersionGroup section */
		FAEF282225E615CE00A6FA5F /* dbModel.xcdatamodeld */ = {
			isa = XCVersionGroup;
			children = (
				FAEF282325E615CE00A6FA5F /* dbModel.xcdatamodel */,
			);
			currentVersion = FAEF282325E615CE00A6FA5F /* dbModel.xcdatamodel */;
			path = dbModel.xcdatamodeld;
			sourceTree = "<group>";
			versionGroupType = wrapper.xcdatamodel;
		};
/* End XCVersionGroup section */
	};
	rootObject = FA91C04025E4C1150027A21F /* Project object */;
}
